// !$*UTF8*$!
{
	archiveVersion = 1;
	classes = {
	};
	objectVersion = 51;
	objects = {

/* Begin PBXBuildFile section */
		286864827996888EAE001A87 /* Pods_RPS_Game_ReduxTests.framework in Frameworks */ = {isa = PBXBuildFile; fileRef = 8366D59824F65FDAEB513612 /* Pods_RPS_Game_ReduxTests.framework */; };
		50C24DE222DDC87900ED8C88 /* AppDelegate.swift in Sources */ = {isa = PBXBuildFile; fileRef = 50C24DE122DDC87900ED8C88 /* AppDelegate.swift */; };
		50C24DE422DDC87900ED8C88 /* ViewController.swift in Sources */ = {isa = PBXBuildFile; fileRef = 50C24DE322DDC87900ED8C88 /* ViewController.swift */; };
		50C24DE722DDC87900ED8C88 /* Main.storyboard in Resources */ = {isa = PBXBuildFile; fileRef = 50C24DE522DDC87900ED8C88 /* Main.storyboard */; };
		50C24DE922DDC87B00ED8C88 /* Assets.xcassets in Resources */ = {isa = PBXBuildFile; fileRef = 50C24DE822DDC87B00ED8C88 /* Assets.xcassets */; };
		50C24DEC22DDC87B00ED8C88 /* LaunchScreen.storyboard in Resources */ = {isa = PBXBuildFile; fileRef = 50C24DEA22DDC87B00ED8C88 /* LaunchScreen.storyboard */; };
		50C24DF722DDC87B00ED8C88 /* RPS_Game_ReduxTests.swift in Sources */ = {isa = PBXBuildFile; fileRef = 50C24DF622DDC87B00ED8C88 /* RPS_Game_ReduxTests.swift */; };
		50C24E0222DDECFC00ED8C88 /* State.swift in Sources */ = {isa = PBXBuildFile; fileRef = 50C24E0122DDECFC00ED8C88 /* State.swift */; };
		50C24E0422DDF71900ED8C88 /* Actions.swift in Sources */ = {isa = PBXBuildFile; fileRef = 50C24E0322DDF71900ED8C88 /* Actions.swift */; };
		50C24E0622DDF99100ED8C88 /* Reducers.swift in Sources */ = {isa = PBXBuildFile; fileRef = 50C24E0522DDF99100ED8C88 /* Reducers.swift */; };
		60C4C0127ACEBC2D32DCC371 /* Pods_RPS_Game_Redux.framework in Frameworks */ = {isa = PBXBuildFile; fileRef = 296B4479EFAE6E54AAC844AB /* Pods_RPS_Game_Redux.framework */; };
/* End PBXBuildFile section */

/* Begin PBXContainerItemProxy section */
		50C24DF322DDC87B00ED8C88 /* PBXContainerItemProxy */ = {
			isa = PBXContainerItemProxy;
			containerPortal = 50C24DD622DDC87900ED8C88 /* Project object */;
			proxyType = 1;
			remoteGlobalIDString = 50C24DDD22DDC87900ED8C88;
			remoteInfo = "RPS-Game-Redux";
		};
/* End PBXContainerItemProxy section */

/* Begin PBXFileReference section */
		268258C2B834434B24F82362 /* Pods-RPS-Game-ReduxTests.release.xcconfig */ = {isa = PBXFileReference; includeInIndex = 1; lastKnownFileType = text.xcconfig; name = "Pods-RPS-Game-ReduxTests.release.xcconfig"; path = "Target Support Files/Pods-RPS-Game-ReduxTests/Pods-RPS-Game-ReduxTests.release.xcconfig"; sourceTree = "<group>"; };
		296B4479EFAE6E54AAC844AB /* Pods_RPS_Game_Redux.framework */ = {isa = PBXFileReference; explicitFileType = wrapper.framework; includeInIndex = 0; path = Pods_RPS_Game_Redux.framework; sourceTree = BUILT_PRODUCTS_DIR; };
		50C24DDE22DDC87900ED8C88 /* RPS-Game-Redux.app */ = {isa = PBXFileReference; explicitFileType = wrapper.application; includeInIndex = 0; path = "RPS-Game-Redux.app"; sourceTree = BUILT_PRODUCTS_DIR; };
		50C24DE122DDC87900ED8C88 /* AppDelegate.swift */ = {isa = PBXFileReference; lastKnownFileType = sourcecode.swift; path = AppDelegate.swift; sourceTree = "<group>"; };
		50C24DE322DDC87900ED8C88 /* ViewController.swift */ = {isa = PBXFileReference; lastKnownFileType = sourcecode.swift; path = ViewController.swift; sourceTree = "<group>"; };
		50C24DE622DDC87900ED8C88 /* Base */ = {isa = PBXFileReference; lastKnownFileType = file.storyboard; name = Base; path = Base.lproj/Main.storyboard; sourceTree = "<group>"; };
		50C24DE822DDC87B00ED8C88 /* Assets.xcassets */ = {isa = PBXFileReference; lastKnownFileType = folder.assetcatalog; path = Assets.xcassets; sourceTree = "<group>"; };
		50C24DEB22DDC87B00ED8C88 /* Base */ = {isa = PBXFileReference; lastKnownFileType = file.storyboard; name = Base; path = Base.lproj/LaunchScreen.storyboard; sourceTree = "<group>"; };
		50C24DED22DDC87B00ED8C88 /* Info.plist */ = {isa = PBXFileReference; lastKnownFileType = text.plist.xml; path = Info.plist; sourceTree = "<group>"; };
		50C24DF222DDC87B00ED8C88 /* RPS-Game-ReduxTests.xctest */ = {isa = PBXFileReference; explicitFileType = wrapper.cfbundle; includeInIndex = 0; path = "RPS-Game-ReduxTests.xctest"; sourceTree = BUILT_PRODUCTS_DIR; };
		50C24DF622DDC87B00ED8C88 /* RPS_Game_ReduxTests.swift */ = {isa = PBXFileReference; lastKnownFileType = sourcecode.swift; path = RPS_Game_ReduxTests.swift; sourceTree = "<group>"; };
		50C24DF822DDC87B00ED8C88 /* Info.plist */ = {isa = PBXFileReference; lastKnownFileType = text.plist.xml; path = Info.plist; sourceTree = "<group>"; };
		50C24E0122DDECFC00ED8C88 /* State.swift */ = {isa = PBXFileReference; lastKnownFileType = sourcecode.swift; path = State.swift; sourceTree = "<group>"; };
		50C24E0322DDF71900ED8C88 /* Actions.swift */ = {isa = PBXFileReference; lastKnownFileType = sourcecode.swift; path = Actions.swift; sourceTree = "<group>"; };
		50C24E0522DDF99100ED8C88 /* Reducers.swift */ = {isa = PBXFileReference; lastKnownFileType = sourcecode.swift; path = Reducers.swift; sourceTree = "<group>"; };
		55EE1178DC91A02D5A45E763 /* Pods-RPS-Game-Redux.release.xcconfig */ = {isa = PBXFileReference; includeInIndex = 1; lastKnownFileType = text.xcconfig; name = "Pods-RPS-Game-Redux.release.xcconfig"; path = "Target Support Files/Pods-RPS-Game-Redux/Pods-RPS-Game-Redux.release.xcconfig"; sourceTree = "<group>"; };
		8366D59824F65FDAEB513612 /* Pods_RPS_Game_ReduxTests.framework */ = {isa = PBXFileReference; explicitFileType = wrapper.framework; includeInIndex = 0; path = Pods_RPS_Game_ReduxTests.framework; sourceTree = BUILT_PRODUCTS_DIR; };
		A046557C6848B5FC64D4863D /* Pods-RPS-Game-ReduxTests.debug.xcconfig */ = {isa = PBXFileReference; includeInIndex = 1; lastKnownFileType = text.xcconfig; name = "Pods-RPS-Game-ReduxTests.debug.xcconfig"; path = "Target Support Files/Pods-RPS-Game-ReduxTests/Pods-RPS-Game-ReduxTests.debug.xcconfig"; sourceTree = "<group>"; };
		F69E7FE8B26B84B1A89E8A8D /* Pods-RPS-Game-Redux.debug.xcconfig */ = {isa = PBXFileReference; includeInIndex = 1; lastKnownFileType = text.xcconfig; name = "Pods-RPS-Game-Redux.debug.xcconfig"; path = "Target Support Files/Pods-RPS-Game-Redux/Pods-RPS-Game-Redux.debug.xcconfig"; sourceTree = "<group>"; };
/* End PBXFileReference section */

/* Begin PBXFrameworksBuildPhase section */
		50C24DDB22DDC87900ED8C88 /* Frameworks */ = {
			isa = PBXFrameworksBuildPhase;
			buildActionMask = 2147483647;
			files = (
				60C4C0127ACEBC2D32DCC371 /* Pods_RPS_Game_Redux.framework in Frameworks */,
			);
			runOnlyForDeploymentPostprocessing = 0;
		};
		50C24DEF22DDC87B00ED8C88 /* Frameworks */ = {
			isa = PBXFrameworksBuildPhase;
			buildActionMask = 2147483647;
			files = (
				286864827996888EAE001A87 /* Pods_RPS_Game_ReduxTests.framework in Frameworks */,
			);
			runOnlyForDeploymentPostprocessing = 0;
		};
/* End PBXFrameworksBuildPhase section */

/* Begin PBXGroup section */
		50C24DD522DDC87900ED8C88 = {
			isa = PBXGroup;
			children = (
				50C24DE022DDC87900ED8C88 /* RPS-Game-Redux */,
				50C24DF522DDC87B00ED8C88 /* RPS-Game-ReduxTests */,
				50C24DDF22DDC87900ED8C88 /* Products */,
				8E7A220C6E908933FAF559DF /* Pods */,
				5A7E8C6F3DB7351DC51B6CFB /* Frameworks */,
			);
			sourceTree = "<group>";
		};
		50C24DDF22DDC87900ED8C88 /* Products */ = {
			isa = PBXGroup;
			children = (
				50C24DDE22DDC87900ED8C88 /* RPS-Game-Redux.app */,
				50C24DF222DDC87B00ED8C88 /* RPS-Game-ReduxTests.xctest */,
			);
			name = Products;
			sourceTree = "<group>";
		};
		50C24DE022DDC87900ED8C88 /* RPS-Game-Redux */ = {
			isa = PBXGroup;
			children = (
				50C24DE122DDC87900ED8C88 /* AppDelegate.swift */,
				50C24DE322DDC87900ED8C88 /* ViewController.swift */,
				50C24DE522DDC87900ED8C88 /* Main.storyboard */,
				50C24DE822DDC87B00ED8C88 /* Assets.xcassets */,
				50C24DEA22DDC87B00ED8C88 /* LaunchScreen.storyboard */,
				50C24DED22DDC87B00ED8C88 /* Info.plist */,
				50C24E0122DDECFC00ED8C88 /* State.swift */,
				50C24E0322DDF71900ED8C88 /* Actions.swift */,
				50C24E0522DDF99100ED8C88 /* Reducers.swift */,
			);
			path = "RPS-Game-Redux";
			sourceTree = "<group>";
		};
		50C24DF522DDC87B00ED8C88 /* RPS-Game-ReduxTests */ = {
			isa = PBXGroup;
			children = (
				50C24DF622DDC87B00ED8C88 /* RPS_Game_ReduxTests.swift */,
				50C24DF822DDC87B00ED8C88 /* Info.plist */,
			);
			path = "RPS-Game-ReduxTests";
			sourceTree = "<group>";
		};
		5A7E8C6F3DB7351DC51B6CFB /* Frameworks */ = {
			isa = PBXGroup;
			children = (
				296B4479EFAE6E54AAC844AB /* Pods_RPS_Game_Redux.framework */,
				8366D59824F65FDAEB513612 /* Pods_RPS_Game_ReduxTests.framework */,
			);
			name = Frameworks;
			sourceTree = "<group>";
		};
		8E7A220C6E908933FAF559DF /* Pods */ = {
			isa = PBXGroup;
			children = (
				F69E7FE8B26B84B1A89E8A8D /* Pods-RPS-Game-Redux.debug.xcconfig */,
				55EE1178DC91A02D5A45E763 /* Pods-RPS-Game-Redux.release.xcconfig */,
				A046557C6848B5FC64D4863D /* Pods-RPS-Game-ReduxTests.debug.xcconfig */,
				268258C2B834434B24F82362 /* Pods-RPS-Game-ReduxTests.release.xcconfig */,
			);
			path = Pods;
			sourceTree = "<group>";
		};
/* End PBXGroup section */

/* Begin PBXNativeTarget section */
		50C24DDD22DDC87900ED8C88 /* RPS-Game-Redux */ = {
			isa = PBXNativeTarget;
			buildConfigurationList = 50C24DFB22DDC87B00ED8C88 /* Build configuration list for PBXNativeTarget "RPS-Game-Redux" */;
			buildPhases = (
				65AF558EA7B1F14C1D19E49D /* [CP] Check Pods Manifest.lock */,
				50C24DDA22DDC87900ED8C88 /* Sources */,
				50C24DDB22DDC87900ED8C88 /* Frameworks */,
				50C24DDC22DDC87900ED8C88 /* Resources */,
				6D664438643E4A2A63152B7D /* [CP] Embed Pods Frameworks */,
			);
			buildRules = (
			);
			dependencies = (
			);
			name = "RPS-Game-Redux";
			productName = "RPS-Game-Redux";
			productReference = 50C24DDE22DDC87900ED8C88 /* RPS-Game-Redux.app */;
			productType = "com.apple.product-type.application";
		};
		50C24DF122DDC87B00ED8C88 /* RPS-Game-ReduxTests */ = {
			isa = PBXNativeTarget;
			buildConfigurationList = 50C24DFE22DDC87B00ED8C88 /* Build configuration list for PBXNativeTarget "RPS-Game-ReduxTests" */;
			buildPhases = (
				153EFBAF7F9EE9C711BF4D29 /* [CP] Check Pods Manifest.lock */,
				50C24DEE22DDC87B00ED8C88 /* Sources */,
				50C24DEF22DDC87B00ED8C88 /* Frameworks */,
				50C24DF022DDC87B00ED8C88 /* Resources */,
			);
			buildRules = (
			);
			dependencies = (
				50C24DF422DDC87B00ED8C88 /* PBXTargetDependency */,
			);
			name = "RPS-Game-ReduxTests";
			productName = "RPS-Game-ReduxTests";
			productReference = 50C24DF222DDC87B00ED8C88 /* RPS-Game-ReduxTests.xctest */;
			productType = "com.apple.product-type.bundle.unit-test";
		};
/* End PBXNativeTarget section */

/* Begin PBXProject section */
		50C24DD622DDC87900ED8C88 /* Project object */ = {
			isa = PBXProject;
			attributes = {
				LastSwiftUpdateCheck = 1020;
				LastUpgradeCheck = 1020;
				ORGANIZATIONNAME = "Sameh Farouk";
				TargetAttributes = {
					50C24DDD22DDC87900ED8C88 = {
						CreatedOnToolsVersion = 10.2.1;
					};
					50C24DF122DDC87B00ED8C88 = {
						CreatedOnToolsVersion = 10.2.1;
						TestTargetID = 50C24DDD22DDC87900ED8C88;
					};
				};
			};
			buildConfigurationList = 50C24DD922DDC87900ED8C88 /* Build configuration list for PBXProject "RPS-Game-Redux" */;
			compatibilityVersion = "Xcode 9.3";
			developmentRegion = en;
			hasScannedForEncodings = 0;
			knownRegions = (
				en,
				Base,
			);
			mainGroup = 50C24DD522DDC87900ED8C88;
			productRefGroup = 50C24DDF22DDC87900ED8C88 /* Products */;
			projectDirPath = "";
			projectRoot = "";
			targets = (
				50C24DDD22DDC87900ED8C88 /* RPS-Game-Redux */,
				50C24DF122DDC87B00ED8C88 /* RPS-Game-ReduxTests */,
			);
		};
/* End PBXProject section */

/* Begin PBXResourcesBuildPhase section */
		50C24DDC22DDC87900ED8C88 /* Resources */ = {
			isa = PBXResourcesBuildPhase;
			buildActionMask = 2147483647;
			files = (
				50C24DEC22DDC87B00ED8C88 /* LaunchScreen.storyboard in Resources */,
				50C24DE922DDC87B00ED8C88 /* Assets.xcassets in Resources */,
				50C24DE722DDC87900ED8C88 /* Main.storyboard in Resources */,
			);
			runOnlyForDeploymentPostprocessing = 0;
		};
		50C24DF022DDC87B00ED8C88 /* Resources */ = {
			isa = PBXResourcesBuildPhase;
			buildActionMask = 2147483647;
			files = (
			);
			runOnlyForDeploymentPostprocessing = 0;
		};
/* End PBXResourcesBuildPhase section */

/* Begin PBXShellScriptBuildPhase section */
		153EFBAF7F9EE9C711BF4D29 /* [CP] Check Pods Manifest.lock */ = {
			isa = PBXShellScriptBuildPhase;
			buildActionMask = 2147483647;
			files = (
			);
			inputFileListPaths = (
			);
			inputPaths = (
				"${PODS_PODFILE_DIR_PATH}/Podfile.lock",
				"${PODS_ROOT}/Manifest.lock",
			);
			name = "[CP] Check Pods Manifest.lock";
			outputFileListPaths = (
			);
			outputPaths = (
				"$(DERIVED_FILE_DIR)/Pods-RPS-Game-ReduxTests-checkManifestLockResult.txt",
			);
			runOnlyForDeploymentPostprocessing = 0;
			shellPath = /bin/sh;
			shellScript = "diff \"${PODS_PODFILE_DIR_PATH}/Podfile.lock\" \"${PODS_ROOT}/Manifest.lock\" > /dev/null\nif [ $? != 0 ] ; then\n    # print error to STDERR\n    echo \"error: The sandbox is not in sync with the Podfile.lock. Run 'pod install' or update your CocoaPods installation.\" >&2\n    exit 1\nfi\n# This output is used by Xcode 'outputs' to avoid re-running this script phase.\necho \"SUCCESS\" > \"${SCRIPT_OUTPUT_FILE_0}\"\n";
			showEnvVarsInLog = 0;
		};
		65AF558EA7B1F14C1D19E49D /* [CP] Check Pods Manifest.lock */ = {
			isa = PBXShellScriptBuildPhase;
			buildActionMask = 2147483647;
			files = (
			);
			inputFileListPaths = (
			);
			inputPaths = (
				"${PODS_PODFILE_DIR_PATH}/Podfile.lock",
				"${PODS_ROOT}/Manifest.lock",
			);
			name = "[CP] Check Pods Manifest.lock";
			outputFileListPaths = (
			);
			outputPaths = (
				"$(DERIVED_FILE_DIR)/Pods-RPS-Game-Redux-checkManifestLockResult.txt",
			);
			runOnlyForDeploymentPostprocessing = 0;
			shellPath = /bin/sh;
			shellScript = "diff \"${PODS_PODFILE_DIR_PATH}/Podfile.lock\" \"${PODS_ROOT}/Manifest.lock\" > /dev/null\nif [ $? != 0 ] ; then\n    # print error to STDERR\n    echo \"error: The sandbox is not in sync with the Podfile.lock. Run 'pod install' or update your CocoaPods installation.\" >&2\n    exit 1\nfi\n# This output is used by Xcode 'outputs' to avoid re-running this script phase.\necho \"SUCCESS\" > \"${SCRIPT_OUTPUT_FILE_0}\"\n";
			showEnvVarsInLog = 0;
		};
		6D664438643E4A2A63152B7D /* [CP] Embed Pods Frameworks */ = {
			isa = PBXShellScriptBuildPhase;
			buildActionMask = 2147483647;
			files = (
			);
			inputFileListPaths = (
				"${PODS_ROOT}/Target Support Files/Pods-RPS-Game-Redux/Pods-RPS-Game-Redux-frameworks-${CONFIGURATION}-input-files.xcfilelist",
			);
			name = "[CP] Embed Pods Frameworks";
			outputFileListPaths = (
				"${PODS_ROOT}/Target Support Files/Pods-RPS-Game-Redux/Pods-RPS-Game-Redux-frameworks-${CONFIGURATION}-output-files.xcfilelist",
			);
			runOnlyForDeploymentPostprocessing = 0;
			shellPath = /bin/sh;
			shellScript = "\"${PODS_ROOT}/Target Support Files/Pods-RPS-Game-Redux/Pods-RPS-Game-Redux-frameworks.sh\"\n";
			showEnvVarsInLog = 0;
		};
/* End PBXShellScriptBuildPhase section */

/* Begin PBXSourcesBuildPhase section */
		50C24DDA22DDC87900ED8C88 /* Sources */ = {
			isa = PBXSourcesBuildPhase;
			buildActionMask = 2147483647;
			files = (
				50C24DE422DDC87900ED8C88 /* ViewController.swift in Sources */,
				50C24E0622DDF99100ED8C88 /* Reducers.swift in Sources */,
				50C24E0422DDF71900ED8C88 /* Actions.swift in Sources */,
				50C24DE222DDC87900ED8C88 /* AppDelegate.swift in Sources */,
				50C24E0222DDECFC00ED8C88 /* State.swift in Sources */,
			);
			runOnlyForDeploymentPostprocessing = 0;
		};
		50C24DEE22DDC87B00ED8C88 /* Sources */ = {
			isa = PBXSourcesBuildPhase;
			buildActionMask = 2147483647;
			files = (
				50C24DF722DDC87B00ED8C88 /* RPS_Game_ReduxTests.swift in Sources */,
			);
			runOnlyForDeploymentPostprocessing = 0;
		};
/* End PBXSourcesBuildPhase section */

/* Begin PBXTargetDependency section */
		50C24DF422DDC87B00ED8C88 /* PBXTargetDependency */ = {
			isa = PBXTargetDependency;
			target = 50C24DDD22DDC87900ED8C88 /* RPS-Game-Redux */;
			targetProxy = 50C24DF322DDC87B00ED8C88 /* PBXContainerItemProxy */;
		};
/* End PBXTargetDependency section */

/* Begin PBXVariantGroup section */
		50C24DE522DDC87900ED8C88 /* Main.storyboard */ = {
			isa = PBXVariantGroup;
			children = (
				50C24DE622DDC87900ED8C88 /* Base */,
			);
			name = Main.storyboard;
			sourceTree = "<group>";
		};
		50C24DEA22DDC87B00ED8C88 /* LaunchScreen.storyboard */ = {
			isa = PBXVariantGroup;
			children = (
				50C24DEB22DDC87B00ED8C88 /* Base */,
			);
			name = LaunchScreen.storyboard;
			sourceTree = "<group>";
		};
/* End PBXVariantGroup section */

/* Begin XCBuildConfiguration section */
		50C24DF922DDC87B00ED8C88 /* Debug */ = {
			isa = XCBuildConfiguration;
			buildSettings = {
				ALWAYS_SEARCH_USER_PATHS = NO;
				CLANG_ANALYZER_NONNULL = YES;
				CLANG_ANALYZER_NUMBER_OBJECT_CONVERSION = YES_AGGRESSIVE;
				CLANG_CXX_LANGUAGE_STANDARD = "gnu++14";
				CLANG_CXX_LIBRARY = "libc++";
				CLANG_ENABLE_MODULES = YES;
				CLANG_ENABLE_OBJC_ARC = YES;
				CLANG_ENABLE_OBJC_WEAK = YES;
				CLANG_WARN_BLOCK_CAPTURE_AUTORELEASING = YES;
				CLANG_WARN_BOOL_CONVERSION = YES;
				CLANG_WARN_COMMA = YES;
				CLANG_WARN_CONSTANT_CONVERSION = YES;
				CLANG_WARN_DEPRECATED_OBJC_IMPLEMENTATIONS = YES;
				CLANG_WARN_DIRECT_OBJC_ISA_USAGE = YES_ERROR;
				CLANG_WARN_DOCUMENTATION_COMMENTS = YES;
				CLANG_WARN_EMPTY_BODY = YES;
				CLANG_WARN_ENUM_CONVERSION = YES;
				CLANG_WARN_INFINITE_RECURSION = YES;
				CLANG_WARN_INT_CONVERSION = YES;
				CLANG_WARN_NON_LITERAL_NULL_CONVERSION = YES;
				CLANG_WARN_OBJC_IMPLICIT_RETAIN_SELF = YES;
				CLANG_WARN_OBJC_LITERAL_CONVERSION = YES;
				CLANG_WARN_OBJC_ROOT_CLASS = YES_ERROR;
				CLANG_WARN_RANGE_LOOP_ANALYSIS = YES;
				CLANG_WARN_STRICT_PROTOTYPES = YES;
				CLANG_WARN_SUSPICIOUS_MOVE = YES;
				CLANG_WARN_UNGUARDED_AVAILABILITY = YES_AGGRESSIVE;
				CLANG_WARN_UNREACHABLE_CODE = YES;
				CLANG_WARN__DUPLICATE_METHOD_MATCH = YES;
				CODE_SIGN_IDENTITY = "iPhone Developer";
				COPY_PHASE_STRIP = NO;
				DEBUG_INFORMATION_FORMAT = dwarf;
				ENABLE_STRICT_OBJC_MSGSEND = YES;
				ENABLE_TESTABILITY = YES;
				GCC_C_LANGUAGE_STANDARD = gnu11;
				GCC_DYNAMIC_NO_PIC = NO;
				GCC_NO_COMMON_BLOCKS = YES;
				GCC_OPTIMIZATION_LEVEL = 0;
				GCC_PREPROCESSOR_DEFINITIONS = (
					"DEBUG=1",
					"$(inherited)",
				);
				GCC_WARN_64_TO_32_BIT_CONVERSION = YES;
				GCC_WARN_ABOUT_RETURN_TYPE = YES_ERROR;
				GCC_WARN_UNDECLARED_SELECTOR = YES;
				GCC_WARN_UNINITIALIZED_AUTOS = YES_AGGRESSIVE;
				GCC_WARN_UNUSED_FUNCTION = YES;
				GCC_WARN_UNUSED_VARIABLE = YES;
				IPHONEOS_DEPLOYMENT_TARGET = 12.2;
				MTL_ENABLE_DEBUG_INFO = INCLUDE_SOURCE;
				MTL_FAST_MATH = YES;
				ONLY_ACTIVE_ARCH = YES;
				SDKROOT = iphoneos;
				SWIFT_ACTIVE_COMPILATION_CONDITIONS = DEBUG;
				SWIFT_OPTIMIZATION_LEVEL = "-Onone";
			};
			name = Debug;
		};
		50C24DFA22DDC87B00ED8C88 /* Release */ = {
			isa = XCBuildConfiguration;
			buildSettings = {
				ALWAYS_SEARCH_USER_PATHS = NO;
				CLANG_ANALYZER_NONNULL = YES;
				CLANG_ANALYZER_NUMBER_OBJECT_CONVERSION = YES_AGGRESSIVE;
				CLANG_CXX_LANGUAGE_STANDARD = "gnu++14";
				CLANG_CXX_LIBRARY = "libc++";
				CLANG_ENABLE_MODULES = YES;
				CLANG_ENABLE_OBJC_ARC = YES;
				CLANG_ENABLE_OBJC_WEAK = YES;
				CLANG_WARN_BLOCK_CAPTURE_AUTORELEASING = YES;
				CLANG_WARN_BOOL_CONVERSION = YES;
				CLANG_WARN_COMMA = YES;
				CLANG_WARN_CONSTANT_CONVERSION = YES;
				CLANG_WARN_DEPRECATED_OBJC_IMPLEMENTATIONS = YES;
				CLANG_WARN_DIRECT_OBJC_ISA_USAGE = YES_ERROR;
				CLANG_WARN_DOCUMENTATION_COMMENTS = YES;
				CLANG_WARN_EMPTY_BODY = YES;
				CLANG_WARN_ENUM_CONVERSION = YES;
				CLANG_WARN_INFINITE_RECURSION = YES;
				CLANG_WARN_INT_CONVERSION = YES;
				CLANG_WARN_NON_LITERAL_NULL_CONVERSION = YES;
				CLANG_WARN_OBJC_IMPLICIT_RETAIN_SELF = YES;
				CLANG_WARN_OBJC_LITERAL_CONVERSION = YES;
				CLANG_WARN_OBJC_ROOT_CLASS = YES_ERROR;
				CLANG_WARN_RANGE_LOOP_ANALYSIS = YES;
				CLANG_WARN_STRICT_PROTOTYPES = YES;
				CLANG_WARN_SUSPICIOUS_MOVE = YES;
				CLANG_WARN_UNGUARDED_AVAILABILITY = YES_AGGRESSIVE;
				CLANG_WARN_UNREACHABLE_CODE = YES;
				CLANG_WARN__DUPLICATE_METHOD_MATCH = YES;
				CODE_SIGN_IDENTITY = "iPhone Developer";
				COPY_PHASE_STRIP = NO;
				DEBUG_INFORMATION_FORMAT = "dwarf-with-dsym";
				ENABLE_NS_ASSERTIONS = NO;
				ENABLE_STRICT_OBJC_MSGSEND = YES;
				GCC_C_LANGUAGE_STANDARD = gnu11;
				GCC_NO_COMMON_BLOCKS = YES;
				GCC_WARN_64_TO_32_BIT_CONVERSION = YES;
				GCC_WARN_ABOUT_RETURN_TYPE = YES_ERROR;
				GCC_WARN_UNDECLARED_SELECTOR = YES;
				GCC_WARN_UNINITIALIZED_AUTOS = YES_AGGRESSIVE;
				GCC_WARN_UNUSED_FUNCTION = YES;
				GCC_WARN_UNUSED_VARIABLE = YES;
				IPHONEOS_DEPLOYMENT_TARGET = 12.2;
				MTL_ENABLE_DEBUG_INFO = NO;
				MTL_FAST_MATH = YES;
				SDKROOT = iphoneos;
				SWIFT_COMPILATION_MODE = wholemodule;
				SWIFT_OPTIMIZATION_LEVEL = "-O";
				VALIDATE_PRODUCT = YES;
			};
			name = Release;
		};
		50C24DFC22DDC87B00ED8C88 /* Debug */ = {
			isa = XCBuildConfiguration;
			baseConfigurationReference = F69E7FE8B26B84B1A89E8A8D /* Pods-RPS-Game-Redux.debug.xcconfig */;
			buildSettings = {
				ASSETCATALOG_COMPILER_APPICON_NAME = AppIcon;
				CODE_SIGN_STYLE = Automatic;
				DEVELOPMENT_TEAM = N9FY5F2W5Y;
				INFOPLIST_FILE = "RPS-Game-Redux/Info.plist";
				LD_RUNPATH_SEARCH_PATHS = (
					"$(inherited)",
					"@executable_path/Frameworks",
				);
				PRODUCT_BUNDLE_IDENTIFIER = "com.samehfarouk.RPS-Game-Redux";
				PRODUCT_NAME = "$(TARGET_NAME)";
				SWIFT_VERSION = 5.0;
				TARGETED_DEVICE_FAMILY = "1,2";
			};
			name = Debug;
		};
		50C24DFD22DDC87B00ED8C88 /* Release */ = {
			isa = XCBuildConfiguration;
			baseConfigurationReference = 55EE1178DC91A02D5A45E763 /* Pods-RPS-Game-Redux.release.xcconfig */;
			buildSettings = {
				ASSETCATALOG_COMPILER_APPICON_NAME = AppIcon;
				CODE_SIGN_STYLE = Automatic;
				DEVELOPMENT_TEAM = N9FY5F2W5Y;
				INFOPLIST_FILE = "RPS-Game-Redux/Info.plist";
				LD_RUNPATH_SEARCH_PATHS = (
					"$(inherited)",
					"@executable_path/Frameworks",
				);
				PRODUCT_BUNDLE_IDENTIFIER = "com.samehfarouk.RPS-Game-Redux";
				PRODUCT_NAME = "$(TARGET_NAME)";
				SWIFT_VERSION = 5.0;
				TARGETED_DEVICE_FAMILY = "1,2";
			};
			name = Release;
		};
		50C24DFF22DDC87B00ED8C88 /* Debug */ = {
			isa = XCBuildConfiguration;
			baseConfigurationReference = A046557C6848B5FC64D4863D /* Pods-RPS-Game-ReduxTests.debug.xcconfig */;
			buildSettings = {
				ALWAYS_EMBED_SWIFT_STANDARD_LIBRARIES = YES;
				BUNDLE_LOADER = "$(TEST_HOST)";
				CODE_SIGN_STYLE = Automatic;
				INFOPLIST_FILE = "RPS-Game-ReduxTests/Info.plist";
				LD_RUNPATH_SEARCH_PATHS = (
					"$(inherited)",
					"@executable_path/Frameworks",
					"@loader_path/Frameworks",
				);
				PRODUCT_BUNDLE_IDENTIFIER = "com.samehfarouk.RPS-Game-ReduxTests";
				PRODUCT_NAME = "$(TARGET_NAME)";
				SWIFT_VERSION = 5.0;
				TARGETED_DEVICE_FAMILY = "1,2";
				TEST_HOST = "$(BUILT_PRODUCTS_DIR)/RPS-Game-Redux.app/RPS-Game-Redux";
			};
			name = Debug;
		};
		50C24E0022DDC87B00ED8C88 /* Release */ = {
			isa = XCBuildConfiguration;
			baseConfigurationReference = 268258C2B834434B24F82362 /* Pods-RPS-Game-ReduxTests.release.xcconfig */;
			buildSettings = {
				ALWAYS_EMBED_SWIFT_STANDARD_LIBRARIES = YES;
				BUNDLE_LOADER = "$(TEST_HOST)";
				CODE_SIGN_STYLE = Automatic;
				INFOPLIST_FILE = "RPS-Game-ReduxTests/Info.plist";
				LD_RUNPATH_SEARCH_PATHS = (
					"$(inherited)",
					"@executable_path/Frameworks",
					"@loader_path/Frameworks",
				);
				PRODUCT_BUNDLE_IDENTIFIER = "com.samehfarouk.RPS-Game-ReduxTests";
				PRODUCT_NAME = "$(TARGET_NAME)";
				SWIFT_VERSION = 5.0;
				TARGETED_DEVICE_FAMILY = "1,2";
				TEST_HOST = "$(BUILT_PRODUCTS_DIR)/RPS-Game-Redux.app/RPS-Game-Redux";
			};
			name = Release;
		};
/* End XCBuildConfiguration section */

/* Begin XCConfigurationList section */
		50C24DD922DDC87900ED8C88 /* Build configuration list for PBXProject "RPS-Game-Redux" */ = {
			isa = XCConfigurationList;
			buildConfigurations = (
				50C24DF922DDC87B00ED8C88 /* Debug */,
				50C24DFA22DDC87B00ED8C88 /* Release */,
			);
			defaultConfigurationIsVisible = 0;
			defaultConfigurationName = Release;
		};
		50C24DFB22DDC87B00ED8C88 /* Build configuration list for PBXNativeTarget "RPS-Game-Redux" */ = {
			isa = XCConfigurationList;
			buildConfigurations = (
				50C24DFC22DDC87B00ED8C88 /* Debug */,
				50C24DFD22DDC87B00ED8C88 /* Release */,
			);
			defaultConfigurationIsVisible = 0;
			defaultConfigurationName = Release;
		};
		50C24DFE22DDC87B00ED8C88 /* Build configuration list for PBXNativeTarget "RPS-Game-ReduxTests" */ = {
			isa = XCConfigurationList;
			buildConfigurations = (
				50C24DFF22DDC87B00ED8C88 /* Debug */,
				50C24E0022DDC87B00ED8C88 /* Release */,
			);
			defaultConfigurationIsVisible = 0;
			defaultConfigurationName = Release;
		};
/* End XCConfigurationList section */
	};
	rootObject = 50C24DD622DDC87900ED8C88 /* Project object */;
}
